
Microsoft Visual Studio Solution File, Format Version 12.00
# Visual Studio Version 17
VisualStudioVersion = 17.3.32825.248
MinimumVisualStudioVersion = 10.0.40219.1
Project("{FAE04EC0-301F-11D3-BF4B-00C04F79EFBC}") = "Calculator", "Calculator\Calculator.csproj", "{17CAA57B-11BB-41CB-9642-FAFDCAE1B35D}"
EndProject
Global
	GlobalSection(SolutionConfigurationPlatforms) = preSolution
		Debug|Any CPU = Debug|Any CPU
		Release|Any CPU = Release|Any CPU
	EndGlobalSection
	GlobalSection(ProjectConfigurationPlatforms) = postSolution
		{17CAA57B-11BB-41CB-9642-FAFDCAE1B35D}.Debug|Any CPU.ActiveCfg = Debug|Any CPU
		{17CAA57B-11BB-41CB-9642-FAFDCAE1B35D}.Debug|Any CPU.Build.0 = Debug|Any CPU
		{17CAA57B-11BB-41CB-9642-FAFDCAE1B35D}.Release|Any CPU.ActiveCfg = Release|Any CPU
		{17CAA57B-11BB-41CB-9642-FAFDCAE1B35D}.Release|Any CPU.Build.0 = Release|Any CPU
	EndGlobalSection
	GlobalSection(SolutionProperties) = preSolution
		HideSolutionNode = FALSE
	EndGlobalSection
	GlobalSection(ExtensibilityGlobals) = postSolution
		SolutionGuid = {3154B970-0D19-4EDD-8374-7EB54F5A7DB0}
	EndGlobalSection
EndGlobal
